
Microsoft Visual Studio Solution File, Format Version 12.00
# Visual Studio Version 17
VisualStudioVersion = 17.3.32929.385
MinimumVisualStudioVersion = 10.0.40219.1
Project("{FAE04EC0-301F-11D3-BF4B-00C04F79EFBC}") = "YurtKayitSistemi", "YurtKayitSistemi\YurtKayitSistemi.csproj", "{91612E80-213D-414C-A2AE-025D8B5832B0}"
EndProject
Global
	GlobalSection(SolutionConfigurationPlatforms) = preSolution
		Debug|Any CPU = Debug|Any CPU
		Release|Any CPU = Release|Any CPU
	EndGlobalSection
	GlobalSection(ProjectConfigurationPlatforms) = postSolution
		{91612E80-213D-414C-A2AE-025D8B5832B0}.Debug|Any CPU.ActiveCfg = Debug|Any CPU
		{91612E80-213D-414C-A2AE-025D8B5832B0}.Debug|Any CPU.Build.0 = Debug|Any CPU
		{91612E80-213D-414C-A2AE-025D8B5832B0}.Release|Any CPU.ActiveCfg = Release|Any CPU
		{91612E80-213D-414C-A2AE-025D8B5832B0}.Release|Any CPU.Build.0 = Release|Any CPU
	EndGlobalSection
	GlobalSection(SolutionProperties) = preSolution
		HideSolutionNode = FALSE
	EndGlobalSection
	GlobalSection(ExtensibilityGlobals) = postSolution
		SolutionGuid = {A600ED53-4BDE-4415-85DE-0C6DBA7FE8CF}
	EndGlobalSection
EndGlobal
